
Microsoft Visual Studio Solution File, Format Version 12.00
# Visual Studio Version 17
VisualStudioVersion = 17.9.34728.123
MinimumVisualStudioVersion = 10.0.40219.1
Project("{FAE04EC0-301F-11D3-BF4B-00C04F79EFBC}") = "VentaLibrosAPI", "VentaLibrosAPI\VentaLibrosAPI.csproj", "{DDC47906-FFE3-4914-A16D-C5D0BB4F0624}"
EndProject
Global
	GlobalSection(SolutionConfigurationPlatforms) = preSolution
		Debug|Any CPU = Debug|Any CPU
		Release|Any CPU = Release|Any CPU
	EndGlobalSection
	GlobalSection(ProjectConfigurationPlatforms) = postSolution
		{DDC47906-FFE3-4914-A16D-C5D0BB4F0624}.Debug|Any CPU.ActiveCfg = Debug|Any CPU
		{DDC47906-FFE3-4914-A16D-C5D0BB4F0624}.Debug|Any CPU.Build.0 = Debug|Any CPU
		{DDC47906-FFE3-4914-A16D-C5D0BB4F0624}.Release|Any CPU.ActiveCfg = Release|Any CPU
		{DDC47906-FFE3-4914-A16D-C5D0BB4F0624}.Release|Any CPU.Build.0 = Release|Any CPU
	EndGlobalSection
	GlobalSection(SolutionProperties) = preSolution
		HideSolutionNode = FALSE
	EndGlobalSection
	GlobalSection(ExtensibilityGlobals) = postSolution
		SolutionGuid = {79B4F6DF-C30E-454C-A83E-CC25D12FE9CB}
	EndGlobalSection
EndGlobal
